
Microsoft Visual Studio Solution File, Format Version 12.00
# Visual Studio 14
VisualStudioVersion = 14.0.25420.1
MinimumVisualStudioVersion = 10.0.40219.1
Project("{FAE04EC0-301F-11D3-BF4B-00C04F79EFBC}") = "FileData", "FileData\FileData.csproj", "{FDE2FD60-D690-43B6-8D5A-D3262BF2138C}"
EndProject
Project("{FAE04EC0-301F-11D3-BF4B-00C04F79EFBC}") = "FileData.Tests", "FileData.Tests\FileData.Tests.csproj", "{B35B04DD-1D3B-472A-82CE-5EE6BBDA1B76}"
EndProject
Global
	GlobalSection(SolutionConfigurationPlatforms) = preSolution
		Debug|Any CPU = Debug|Any CPU
		Release|Any CPU = Release|Any CPU
	EndGlobalSection
	GlobalSection(ProjectConfigurationPlatforms) = postSolution
		{FDE2FD60-D690-43B6-8D5A-D3262BF2138C}.Debug|Any CPU.ActiveCfg = Debug|Any CPU
		{FDE2FD60-D690-43B6-8D5A-D3262BF2138C}.Debug|Any CPU.Build.0 = Debug|Any CPU
		{FDE2FD60-D690-43B6-8D5A-D3262BF2138C}.Release|Any CPU.ActiveCfg = Release|Any CPU
		{FDE2FD60-D690-43B6-8D5A-D3262BF2138C}.Release|Any CPU.Build.0 = Release|Any CPU
		{B35B04DD-1D3B-472A-82CE-5EE6BBDA1B76}.Debug|Any CPU.ActiveCfg = Debug|Any CPU
		{B35B04DD-1D3B-472A-82CE-5EE6BBDA1B76}.Debug|Any CPU.Build.0 = Debug|Any CPU
		{B35B04DD-1D3B-472A-82CE-5EE6BBDA1B76}.Release|Any CPU.ActiveCfg = Release|Any CPU
		{B35B04DD-1D3B-472A-82CE-5EE6BBDA1B76}.Release|Any CPU.Build.0 = Release|Any CPU
	EndGlobalSection
	GlobalSection(SolutionProperties) = preSolution
		HideSolutionNode = FALSE
	EndGlobalSection
EndGlobal
